
Microsoft Visual Studio Solution File, Format Version 12.00
# Visual Studio 15
VisualStudioVersion = 15.0.28010.2016
MinimumVisualStudioVersion = 10.0.40219.1
Project("{FAE04EC0-301F-11D3-BF4B-00C04F79EFBC}") = "Server64BitLibrary", "Server64BitLibrary\Server64BitLibrary.csproj", "{F37DB8B2-A69F-4C1F-A926-8989BD36DC47}"
EndProject
Project("{FAE04EC0-301F-11D3-BF4B-00C04F79EFBC}") = "Server64BitConsoleApp", "Server64BitConsoleApp\Server64BitConsoleApp.csproj", "{FE3D1CD9-9F21-42DC-BBCA-BC5845352896}"
EndProject
Global
	GlobalSection(SolutionConfigurationPlatforms) = preSolution
		Debug|Any CPU = Debug|Any CPU
		Debug|x64 = Debug|x64
		Release|Any CPU = Release|Any CPU
		Release|x64 = Release|x64
	EndGlobalSection
	GlobalSection(ProjectConfigurationPlatforms) = postSolution
		{F37DB8B2-A69F-4C1F-A926-8989BD36DC47}.Debug|Any CPU.ActiveCfg = Debug|Any CPU
		{F37DB8B2-A69F-4C1F-A926-8989BD36DC47}.Debug|Any CPU.Build.0 = Debug|Any CPU
		{F37DB8B2-A69F-4C1F-A926-8989BD36DC47}.Debug|x64.ActiveCfg = Debug|x64
		{F37DB8B2-A69F-4C1F-A926-8989BD36DC47}.Debug|x64.Build.0 = Debug|x64
		{F37DB8B2-A69F-4C1F-A926-8989BD36DC47}.Release|Any CPU.ActiveCfg = Release|Any CPU
		{F37DB8B2-A69F-4C1F-A926-8989BD36DC47}.Release|Any CPU.Build.0 = Release|Any CPU
		{F37DB8B2-A69F-4C1F-A926-8989BD36DC47}.Release|x64.ActiveCfg = Release|x64
		{F37DB8B2-A69F-4C1F-A926-8989BD36DC47}.Release|x64.Build.0 = Release|x64
		{FE3D1CD9-9F21-42DC-BBCA-BC5845352896}.Debug|Any CPU.ActiveCfg = Debug|Any CPU
		{FE3D1CD9-9F21-42DC-BBCA-BC5845352896}.Debug|Any CPU.Build.0 = Debug|Any CPU
		{FE3D1CD9-9F21-42DC-BBCA-BC5845352896}.Debug|x64.ActiveCfg = Debug|x64
		{FE3D1CD9-9F21-42DC-BBCA-BC5845352896}.Debug|x64.Build.0 = Debug|x64
		{FE3D1CD9-9F21-42DC-BBCA-BC5845352896}.Release|Any CPU.ActiveCfg = Release|Any CPU
		{FE3D1CD9-9F21-42DC-BBCA-BC5845352896}.Release|Any CPU.Build.0 = Release|Any CPU
		{FE3D1CD9-9F21-42DC-BBCA-BC5845352896}.Release|x64.ActiveCfg = Release|x64
		{FE3D1CD9-9F21-42DC-BBCA-BC5845352896}.Release|x64.Build.0 = Release|x64
	EndGlobalSection
	GlobalSection(SolutionProperties) = preSolution
		HideSolutionNode = FALSE
	EndGlobalSection
	GlobalSection(ExtensibilityGlobals) = postSolution
		SolutionGuid = {DB681CC0-6791-4085-9A4D-19DC5708F689}
	EndGlobalSection
EndGlobal
