
Microsoft Visual Studio Solution File, Format Version 12.00
# Visual Studio 15
VisualStudioVersion = 15.0.27703.2026
MinimumVisualStudioVersion = 10.0.40219.1
Project("{FAE04EC0-301F-11D3-BF4B-00C04F79EFBC}") = "PEDScannerGUI", "..\PEDScannerGUI\PEScanner\PEDScannerGUI.csproj", "{61CA650B-280B-4799-9C4B-3B81CBA44835}"
	ProjectSection(ProjectDependencies) = postProject
		{51C9AE43-323A-44C0-A244-059D54F9FFCB} = {51C9AE43-323A-44C0-A244-059D54F9FFCB}
	EndProjectSection
EndProject
Project("{FAE04EC0-301F-11D3-BF4B-00C04F79EFBC}") = "PEDScannerLib", "..\PEDScannerLib\PEDScannerLib\PEDScannerLib.csproj", "{51C9AE43-323A-44C0-A244-059D54F9FFCB}"
EndProject
Project("{FAE04EC0-301F-11D3-BF4B-00C04F79EFBC}") = "ConsoleAppTest", "ConsoleAppTest\ConsoleAppTest.csproj", "{B21B3C38-ACC5-42CA-9856-D7C0904CA06A}"
EndProject
Project("{FAE04EC0-301F-11D3-BF4B-00C04F79EFBC}") = "PEDScanner", "..\PEDScannerGUIWPF\PEDScanner\PEDScanner\PEDScanner.csproj", "{75BA0E6F-8C49-47D6-89C2-A245F045CAA7}"
EndProject
Global
	GlobalSection(SolutionConfigurationPlatforms) = preSolution
		Debug|Any CPU = Debug|Any CPU
		NEWCONFIG|Any CPU = NEWCONFIG|Any CPU
		Release|Any CPU = Release|Any CPU
	EndGlobalSection
	GlobalSection(ProjectConfigurationPlatforms) = postSolution
		{61CA650B-280B-4799-9C4B-3B81CBA44835}.Debug|Any CPU.ActiveCfg = Debug|Any CPU
		{61CA650B-280B-4799-9C4B-3B81CBA44835}.NEWCONFIG|Any CPU.ActiveCfg = Debug|Any CPU
		{61CA650B-280B-4799-9C4B-3B81CBA44835}.Release|Any CPU.ActiveCfg = Debug|Any CPU
		{51C9AE43-323A-44C0-A244-059D54F9FFCB}.Debug|Any CPU.ActiveCfg = Debug|Any CPU
		{51C9AE43-323A-44C0-A244-059D54F9FFCB}.Debug|Any CPU.Build.0 = Debug|Any CPU
		{51C9AE43-323A-44C0-A244-059D54F9FFCB}.NEWCONFIG|Any CPU.ActiveCfg = Debug|Any CPU
		{51C9AE43-323A-44C0-A244-059D54F9FFCB}.NEWCONFIG|Any CPU.Build.0 = Debug|Any CPU
		{51C9AE43-323A-44C0-A244-059D54F9FFCB}.Release|Any CPU.ActiveCfg = Debug|Any CPU
		{51C9AE43-323A-44C0-A244-059D54F9FFCB}.Release|Any CPU.Build.0 = Debug|Any CPU
		{B21B3C38-ACC5-42CA-9856-D7C0904CA06A}.Debug|Any CPU.ActiveCfg = Debug|Any CPU
		{B21B3C38-ACC5-42CA-9856-D7C0904CA06A}.NEWCONFIG|Any CPU.ActiveCfg = Debug|Any CPU
		{B21B3C38-ACC5-42CA-9856-D7C0904CA06A}.Release|Any CPU.ActiveCfg = Debug|Any CPU
		{75BA0E6F-8C49-47D6-89C2-A245F045CAA7}.Debug|Any CPU.ActiveCfg = Debug|Any CPU
		{75BA0E6F-8C49-47D6-89C2-A245F045CAA7}.Debug|Any CPU.Build.0 = Debug|Any CPU
		{75BA0E6F-8C49-47D6-89C2-A245F045CAA7}.NEWCONFIG|Any CPU.ActiveCfg = Debug|Any CPU
		{75BA0E6F-8C49-47D6-89C2-A245F045CAA7}.Release|Any CPU.ActiveCfg = Debug|Any CPU
	EndGlobalSection
	GlobalSection(SolutionProperties) = preSolution
		HideSolutionNode = FALSE
	EndGlobalSection
	GlobalSection(ExtensibilityGlobals) = postSolution
		SolutionGuid = {D6909F6D-8A1E-483A-AB95-764770ECD88E}
	EndGlobalSection
EndGlobal
